Microsoft Visual Studio Solution File, Format Version 12.00
# Visual Studio Version 17
VisualStudioVersion = 17.5.2.0
MinimumVisualStudioVersion = 10.0.40219.1
Project("{2150E333-8FDC-42A3-9474-1A3956D46DE8}") = "source", "source", "{B8EFCA5F-814F-285C-A8CB-F00F14650265}"
EndProject
Project("{FAE04EC0-301F-11D3-BF4B-00C04F79EFBC}") = "Backend", "source\Backend\Backend.csproj", "{5256C59D-2A82-ACF5-AF62-EEF152872DD5}"
EndProject
Global
	GlobalSection(SolutionConfigurationPlatforms) = preSolution
		Debug|Any CPU = Debug|Any CPU
		Release|Any CPU = Release|Any CPU
	EndGlobalSection
	GlobalSection(ProjectConfigurationPlatforms) = postSolution
		{5256C59D-2A82-ACF5-AF62-EEF152872DD5}.Debug|Any CPU.ActiveCfg = Debug|Any CPU
		{5256C59D-2A82-ACF5-AF62-EEF152872DD5}.Debug|Any CPU.Build.0 = Debug|Any CPU
		{5256C59D-2A82-ACF5-AF62-EEF152872DD5}.Release|Any CPU.ActiveCfg = Release|Any CPU
		{5256C59D-2A82-ACF5-AF62-EEF152872DD5}.Release|Any CPU.Build.0 = Release|Any CPU
	EndGlobalSection
	GlobalSection(SolutionProperties) = preSolution
		HideSolutionNode = FALSE
	EndGlobalSection
	GlobalSection(NestedProjects) = preSolution
		{5256C59D-2A82-ACF5-AF62-EEF152872DD5} = {B8EFCA5F-814F-285C-A8CB-F00F14650265}
	EndGlobalSection
	GlobalSection(ExtensibilityGlobals) = postSolution
		SolutionGuid = {EA56D0D3-B7D5-415A-A704-2C9B7E0C5820}
	EndGlobalSection
EndGlobal
